
Microsoft Visual Studio Solution File, Format Version 12.00
# Visual Studio Version 17
VisualStudioVersion = 17.7.34031.279
MinimumVisualStudioVersion = 10.0.40219.1
Project("{9A19103F-16F7-4668-BE54-9A1E7A4F7556}") = "Aula 1", "Aula 1\Aula 1.csproj", "{E217B108-52D5-434F-BB1F-0B1D7EB451AF}"
EndProject
Project("{9A19103F-16F7-4668-BE54-9A1E7A4F7556}") = "exercicio2", "exercicio2\exercicio2.csproj", "{90743FD1-0F36-422D-9694-6D8D3B94A329}"
EndProject
Project("{9A19103F-16F7-4668-BE54-9A1E7A4F7556}") = "exemplo 3", "exemplo 3\exemplo 3.csproj", "{CA981353-E0F0-405A-AFBA-BDB38DCCE05C}"
EndProject
Project("{9A19103F-16F7-4668-BE54-9A1E7A4F7556}") = "if", "if\if.csproj", "{58A1CE78-0B55-4E87-9284-7A4F1C47EB23}"
EndProject
Project("{9A19103F-16F7-4668-BE54-9A1E7A4F7556}") = "03", "03\03.csproj", "{2EF2312C-569B-43B3-A7DF-F04827B142DF}"
EndProject
Project("{9A19103F-16F7-4668-BE54-9A1E7A4F7556}") = "Aula2", "Aula2\Aula2.csproj", "{D9849ED4-7E22-4A88-BE50-DA0902BB1313}"
EndProject
Project("{9A19103F-16F7-4668-BE54-9A1E7A4F7556}") = "ex1", "ex1\ex1.csproj", "{5EA39D21-B7C3-4CD7-91FB-49ADDAB63997}"
EndProject
Project("{9A19103F-16F7-4668-BE54-9A1E7A4F7556}") = "Aula 3", "Aula 3\Aula 3.csproj", "{C48C005B-DC32-47EA-95CE-B1F05BE6FEBE}"
EndProject
Project("{9A19103F-16F7-4668-BE54-9A1E7A4F7556}") = "Form", "Form\Form.csproj", "{F2043CD2-CC62-4328-968C-38C8FC1EFB57}"
EndProject
Project("{9A19103F-16F7-4668-BE54-9A1E7A4F7556}") = "Exxemplo 1 forms", "Exxemplo 1 forms\Exxemplo 1 forms.csproj", "{D6F2CA92-423E-430B-92D0-0BB05F2CC60D}"
EndProject
Project("{9A19103F-16F7-4668-BE54-9A1E7A4F7556}") = "exercicio forms 2", "exercicio forms 2\exercicio forms 2.csproj", "{AD74CBA0-C9A4-4F4A-83C6-73B15AF1077F}"
EndProject
Project("{9A19103F-16F7-4668-BE54-9A1E7A4F7556}") = "aula 4", "aula 4\aula 4.csproj", "{F81CA541-F746-4005-B632-A690458EB8ED}"
EndProject
Project("{9A19103F-16F7-4668-BE54-9A1E7A4F7556}") = "aula 4 - 01", "aula 4 - 01\aula 4 - 01.csproj", "{20C6248C-8E26-4DA2-B976-7DE3C548B308}"
EndProject
Project("{9A19103F-16F7-4668-BE54-9A1E7A4F7556}") = "exemplo3", "exemplo3\exemplo3.csproj", "{AB2BD2BD-46E5-4BEF-83F6-79BCFFC9C0C3}"
EndProject
Project("{FAE04EC0-301F-11D3-BF4B-00C04F79EFBC}") = "aula5", "aula5\aula5.csproj", "{AA48D16B-0325-462E-9DC7-63BC51E72B43}"
EndProject
Global
	GlobalSection(SolutionConfigurationPlatforms) = preSolution
		Debug|Any CPU = Debug|Any CPU
		Release|Any CPU = Release|Any CPU
	EndGlobalSection
	GlobalSection(ProjectConfigurationPlatforms) = postSolution
		{E217B108-52D5-434F-BB1F-0B1D7EB451AF}.Debug|Any CPU.ActiveCfg = Debug|Any CPU
		{E217B108-52D5-434F-BB1F-0B1D7EB451AF}.Debug|Any CPU.Build.0 = Debug|Any CPU
		{E217B108-52D5-434F-BB1F-0B1D7EB451AF}.Release|Any CPU.ActiveCfg = Release|Any CPU
		{E217B108-52D5-434F-BB1F-0B1D7EB451AF}.Release|Any CPU.Build.0 = Release|Any CPU
		{90743FD1-0F36-422D-9694-6D8D3B94A329}.Debug|Any CPU.ActiveCfg = Debug|Any CPU
		{90743FD1-0F36-422D-9694-6D8D3B94A329}.Debug|Any CPU.Build.0 = Debug|Any CPU
		{90743FD1-0F36-422D-9694-6D8D3B94A329}.Release|Any CPU.ActiveCfg = Release|Any CPU
		{90743FD1-0F36-422D-9694-6D8D3B94A329}.Release|Any CPU.Build.0 = Release|Any CPU
		{CA981353-E0F0-405A-AFBA-BDB38DCCE05C}.Debug|Any CPU.ActiveCfg = Debug|Any CPU
		{CA981353-E0F0-405A-AFBA-BDB38DCCE05C}.Debug|Any CPU.Build.0 = Debug|Any CPU
		{CA981353-E0F0-405A-AFBA-BDB38DCCE05C}.Release|Any CPU.ActiveCfg = Release|Any CPU
		{CA981353-E0F0-405A-AFBA-BDB38DCCE05C}.Release|Any CPU.Build.0 = Release|Any CPU
		{58A1CE78-0B55-4E87-9284-7A4F1C47EB23}.Debug|Any CPU.ActiveCfg = Debug|Any CPU
		{58A1CE78-0B55-4E87-9284-7A4F1C47EB23}.Debug|Any CPU.Build.0 = Debug|Any CPU
		{58A1CE78-0B55-4E87-9284-7A4F1C47EB23}.Release|Any CPU.ActiveCfg = Release|Any CPU
		{58A1CE78-0B55-4E87-9284-7A4F1C47EB23}.Release|Any CPU.Build.0 = Release|Any CPU
		{2EF2312C-569B-43B3-A7DF-F04827B142DF}.Debug|Any CPU.ActiveCfg = Debug|Any CPU
		{2EF2312C-569B-43B3-A7DF-F04827B142DF}.Debug|Any CPU.Build.0 = Debug|Any CPU
		{2EF2312C-569B-43B3-A7DF-F04827B142DF}.Release|Any CPU.ActiveCfg = Release|Any CPU
		{2EF2312C-569B-43B3-A7DF-F04827B142DF}.Release|Any CPU.Build.0 = Release|Any CPU
		{D9849ED4-7E22-4A88-BE50-DA0902BB1313}.Debug|Any CPU.ActiveCfg = Debug|Any CPU
		{D9849ED4-7E22-4A88-BE50-DA0902BB1313}.Debug|Any CPU.Build.0 = Debug|Any CPU
		{D9849ED4-7E22-4A88-BE50-DA0902BB1313}.Release|Any CPU.ActiveCfg = Release|Any CPU
		{D9849ED4-7E22-4A88-BE50-DA0902BB1313}.Release|Any CPU.Build.0 = Release|Any CPU
		{5EA39D21-B7C3-4CD7-91FB-49ADDAB63997}.Debug|Any CPU.ActiveCfg = Debug|Any CPU
		{5EA39D21-B7C3-4CD7-91FB-49ADDAB63997}.Debug|Any CPU.Build.0 = Debug|Any CPU
		{5EA39D21-B7C3-4CD7-91FB-49ADDAB63997}.Release|Any CPU.ActiveCfg = Release|Any CPU
		{5EA39D21-B7C3-4CD7-91FB-49ADDAB63997}.Release|Any CPU.Build.0 = Release|Any CPU
		{C48C005B-DC32-47EA-95CE-B1F05BE6FEBE}.Debug|Any CPU.ActiveCfg = Debug|Any CPU
		{C48C005B-DC32-47EA-95CE-B1F05BE6FEBE}.Debug|Any CPU.Build.0 = Debug|Any CPU
		{C48C005B-DC32-47EA-95CE-B1F05BE6FEBE}.Release|Any CPU.ActiveCfg = Release|Any CPU
		{C48C005B-DC32-47EA-95CE-B1F05BE6FEBE}.Release|Any CPU.Build.0 = Release|Any CPU
		{F2043CD2-CC62-4328-968C-38C8FC1EFB57}.Debug|Any CPU.ActiveCfg = Debug|Any CPU
		{F2043CD2-CC62-4328-968C-38C8FC1EFB57}.Debug|Any CPU.Build.0 = Debug|Any CPU
		{F2043CD2-CC62-4328-968C-38C8FC1EFB57}.Release|Any CPU.ActiveCfg = Release|Any CPU
		{F2043CD2-CC62-4328-968C-38C8FC1EFB57}.Release|Any CPU.Build.0 = Release|Any CPU
		{D6F2CA92-423E-430B-92D0-0BB05F2CC60D}.Debug|Any CPU.ActiveCfg = Debug|Any CPU
		{D6F2CA92-423E-430B-92D0-0BB05F2CC60D}.Debug|Any CPU.Build.0 = Debug|Any CPU
		{D6F2CA92-423E-430B-92D0-0BB05F2CC60D}.Release|Any CPU.ActiveCfg = Release|Any CPU
		{D6F2CA92-423E-430B-92D0-0BB05F2CC60D}.Release|Any CPU.Build.0 = Release|Any CPU
		{AD74CBA0-C9A4-4F4A-83C6-73B15AF1077F}.Debug|Any CPU.ActiveCfg = Debug|Any CPU
		{AD74CBA0-C9A4-4F4A-83C6-73B15AF1077F}.Debug|Any CPU.Build.0 = Debug|Any CPU
		{AD74CBA0-C9A4-4F4A-83C6-73B15AF1077F}.Release|Any CPU.ActiveCfg = Release|Any CPU
		{AD74CBA0-C9A4-4F4A-83C6-73B15AF1077F}.Release|Any CPU.Build.0 = Release|Any CPU
		{F81CA541-F746-4005-B632-A690458EB8ED}.Debug|Any CPU.ActiveCfg = Debug|Any CPU
		{F81CA541-F746-4005-B632-A690458EB8ED}.Debug|Any CPU.Build.0 = Debug|Any CPU
		{F81CA541-F746-4005-B632-A690458EB8ED}.Release|Any CPU.ActiveCfg = Release|Any CPU
		{F81CA541-F746-4005-B632-A690458EB8ED}.Release|Any CPU.Build.0 = Release|Any CPU
		{20C6248C-8E26-4DA2-B976-7DE3C548B308}.Debug|Any CPU.ActiveCfg = Debug|Any CPU
		{20C6248C-8E26-4DA2-B976-7DE3C548B308}.Debug|Any CPU.Build.0 = Debug|Any CPU
		{20C6248C-8E26-4DA2-B976-7DE3C548B308}.Release|Any CPU.ActiveCfg = Release|Any CPU
		{20C6248C-8E26-4DA2-B976-7DE3C548B308}.Release|Any CPU.Build.0 = Release|Any CPU
		{AB2BD2BD-46E5-4BEF-83F6-79BCFFC9C0C3}.Debug|Any CPU.ActiveCfg = Debug|Any CPU
		{AB2BD2BD-46E5-4BEF-83F6-79BCFFC9C0C3}.Debug|Any CPU.Build.0 = Debug|Any CPU
		{AB2BD2BD-46E5-4BEF-83F6-79BCFFC9C0C3}.Release|Any CPU.ActiveCfg = Release|Any CPU
		{AB2BD2BD-46E5-4BEF-83F6-79BCFFC9C0C3}.Release|Any CPU.Build.0 = Release|Any CPU
		{AA48D16B-0325-462E-9DC7-63BC51E72B43}.Debug|Any CPU.ActiveCfg = Debug|Any CPU
		{AA48D16B-0325-462E-9DC7-63BC51E72B43}.Debug|Any CPU.Build.0 = Debug|Any CPU
		{AA48D16B-0325-462E-9DC7-63BC51E72B43}.Release|Any CPU.ActiveCfg = Release|Any CPU
		{AA48D16B-0325-462E-9DC7-63BC51E72B43}.Release|Any CPU.Build.0 = Release|Any CPU
	EndGlobalSection
	GlobalSection(SolutionProperties) = preSolution
		HideSolutionNode = FALSE
	EndGlobalSection
	GlobalSection(ExtensibilityGlobals) = postSolution
		SolutionGuid = {9152BDEA-F768-418A-A68B-1039DECE58D2}
	EndGlobalSection
EndGlobal
